
Microsoft Visual Studio Solution File, Format Version 12.00
# Visual Studio Version 17
VisualStudioVersion = 17.10.35122.118
MinimumVisualStudioVersion = 10.0.40219.1
Project("{FAE04EC0-301F-11D3-BF4B-00C04F79EFBC}") = "Conversor de Valores", "Conversor de Valores.csproj", "{BF9F84D3-9390-4794-92C6-D63D2DE1763F}"
EndProject
Global
	GlobalSection(SolutionConfigurationPlatforms) = preSolution
		Debug|Any CPU = Debug|Any CPU
		Release|Any CPU = Release|Any CPU
	EndGlobalSection
	GlobalSection(ProjectConfigurationPlatforms) = postSolution
		{BF9F84D3-9390-4794-92C6-D63D2DE1763F}.Debug|Any CPU.ActiveCfg = Debug|Any CPU
		{BF9F84D3-9390-4794-92C6-D63D2DE1763F}.Debug|Any CPU.Build.0 = Debug|Any CPU
		{BF9F84D3-9390-4794-92C6-D63D2DE1763F}.Release|Any CPU.ActiveCfg = Release|Any CPU
		{BF9F84D3-9390-4794-92C6-D63D2DE1763F}.Release|Any CPU.Build.0 = Release|Any CPU
	EndGlobalSection
	GlobalSection(SolutionProperties) = preSolution
		HideSolutionNode = FALSE
	EndGlobalSection
	GlobalSection(ExtensibilityGlobals) = postSolution
		SolutionGuid = {1CF324D7-3076-4A47-B4F0-DEC7EC518C49}
	EndGlobalSection
EndGlobal
